
Microsoft Visual Studio Solution File, Format Version 12.00
# Visual Studio Version 16
VisualStudioVersion = 16.0.29306.81
MinimumVisualStudioVersion = 10.0.40219.1
Project("{FAE04EC0-301F-11D3-BF4B-00C04F79EFBC}") = "ReactPeopleManager.Web", "ReactPeopleManager.Web\ReactPeopleManager.Web.csproj", "{13E3D0A4-70A6-4F98-BF56-6C9F976CF220}"
EndProject
Project("{FAE04EC0-301F-11D3-BF4B-00C04F79EFBC}") = "ReactPeopleManager.Data", "ReactPeopleManager.Data\ReactPeopleManager.Data.csproj", "{AAC119BB-8627-4509-8601-B3D212575796}"
EndProject
Global
	GlobalSection(SolutionConfigurationPlatforms) = preSolution
		Debug|Any CPU = Debug|Any CPU
		Release|Any CPU = Release|Any CPU
	EndGlobalSection
	GlobalSection(ProjectConfigurationPlatforms) = postSolution
		{13E3D0A4-70A6-4F98-BF56-6C9F976CF220}.Debug|Any CPU.ActiveCfg = Debug|Any CPU
		{13E3D0A4-70A6-4F98-BF56-6C9F976CF220}.Debug|Any CPU.Build.0 = Debug|Any CPU
		{13E3D0A4-70A6-4F98-BF56-6C9F976CF220}.Release|Any CPU.ActiveCfg = Release|Any CPU
		{13E3D0A4-70A6-4F98-BF56-6C9F976CF220}.Release|Any CPU.Build.0 = Release|Any CPU
		{AAC119BB-8627-4509-8601-B3D212575796}.Debug|Any CPU.ActiveCfg = Debug|Any CPU
		{AAC119BB-8627-4509-8601-B3D212575796}.Debug|Any CPU.Build.0 = Debug|Any CPU
		{AAC119BB-8627-4509-8601-B3D212575796}.Release|Any CPU.ActiveCfg = Release|Any CPU
		{AAC119BB-8627-4509-8601-B3D212575796}.Release|Any CPU.Build.0 = Release|Any CPU
	EndGlobalSection
	GlobalSection(SolutionProperties) = preSolution
		HideSolutionNode = FALSE
	EndGlobalSection
	GlobalSection(ExtensibilityGlobals) = postSolution
		SolutionGuid = {E38D4EBD-C76A-47F8-A151-BBB9E49319C4}
	EndGlobalSection
EndGlobal
